{
  "version": 4,
  "terraform_version": "1.11.4",
  "serial": 6,
  "lineage": "035642ed-40a5-7f2d-c2cf-8c0dd2acac1a",
  "outputs": {},
  "resources": [
    {
      "mode": "managed",
      "type": "aws_budgets_budget",
      "name": "Test-terra-budget",
      "provider": "provider[\"registry.terraform.io/hashicorp/aws\"]",
      "instances": [
        {
          "schema_version": 0,
          "attributes": {
            "account_id": "010928221834",
            "budget_type": "COST",
            "cost_filters": {},
            "cost_types": [
              {
                "include_credit": true,
                "include_discount": true,
                "include_other_subscription": true,
                "include_recurring": true,
                "include_refund": true,
                "include_subscription": true,
                "include_support": true,
                "include_tax": true,
                "include_upfront": true,
                "use_amortized": false,
                "use_blended": false
              }
            ],
            "id": "010928221834:monthly-budget",
            "limit_amount": "10.0",
            "limit_unit": "USD",
            "name": "monthly-budget",
            "name_prefix": null,
            "notification": [],
            "time_period_end": "2087-06-15_00:00",
            "time_period_start": "2025-04-26_06:25",
            "time_unit": "MONTHLY"
          },
          "sensitive_attributes": [],
          "private": "bnVsbA=="
        }
      ]
    },
    {
      "mode": "managed",
      "type": "aws_dynamodb_table",
      "name": "Terraform-Lock",
      "provider": "provider[\"registry.terraform.io/hashicorp/aws\"]",
      "instances": [
        {
          "schema_version": 1,
          "attributes": {
            "arn": "arn:aws:dynamodb:us-east-1:010928221834:table/terraform-lock",
            "attribute": [
              {
                "name": "LockID",
                "type": "S"
              }
            ],
            "billing_mode": "PAY_PER_REQUEST",
            "global_secondary_index": [],
            "hash_key": "LockID",
            "id": "terraform-lock",
            "local_secondary_index": [],
            "name": "terraform-lock",
            "point_in_time_recovery": [
              {
                "enabled": false
              }
            ],
            "range_key": null,
            "read_capacity": 0,
            "replica": [],
            "server_side_encryption": [],
            "stream_arn": "",
            "stream_enabled": false,
            "stream_label": "",
            "stream_view_type": "",
            "tags": {
              "Environment": "Dev",
              "Name": "Terraform-Lock-Table"
            },
            "timeouts": null,
            "ttl": [
              {
                "attribute_name": "",
                "enabled": false
              }
            ],
            "write_capacity": 0
          },
          "sensitive_attributes": [],
          "private": "eyJlMmJmYjczMC1lY2FhLTExZTYtOGY4OC0zNDM2M2JjN2M0YzAiOnsiY3JlYXRlIjo2MDAwMDAwMDAwMDAsImRlbGV0ZSI6NjAwMDAwMDAwMDAwLCJ1cGRhdGUiOjM2MDAwMDAwMDAwMDB9LCJzY2hlbWFfdmVyc2lvbiI6IjEifQ=="
        }
      ]
    },
    {
      "mode": "managed",
      "type": "aws_s3_bucket",
      "name": "Terraform-State",
      "provider": "provider[\"registry.terraform.io/hashicorp/aws\"]",
      "instances": [
        {
          "schema_version": 0,
          "attributes": {
            "acceleration_status": "",
            "acl": "private",
            "arn": "arn:aws:s3:::alarayei-terraform-state",
            "bucket": "alarayei-terraform-state",
            "bucket_domain_name": "alarayei-terraform-state.s3.amazonaws.com",
            "bucket_prefix": null,
            "bucket_regional_domain_name": "alarayei-terraform-state.s3.amazonaws.com",
            "cors_rule": [],
            "force_destroy": true,
            "grant": [],
            "hosted_zone_id": "Z3AQBSTGFYJSTF",
            "id": "alarayei-terraform-state",
            "lifecycle_rule": [],
            "logging": [],
            "object_lock_configuration": [],
            "policy": null,
            "region": "us-east-1",
            "replication_configuration": [],
            "request_payer": "BucketOwner",
            "server_side_encryption_configuration": [
              {
                "rule": [
                  {
                    "apply_server_side_encryption_by_default": [
                      {
                        "kms_master_key_id": "",
                        "sse_algorithm": "AES256"
                      }
                    ]
                  }
                ]
              }
            ],
            "tags": {
              "Environment": "Dev",
              "Name": "Terraform-State-Bucket"
            },
            "versioning": [
              {
                "enabled": true,
                "mfa_delete": false
              }
            ],
            "website": [],
            "website_domain": null,
            "website_endpoint": null
          },
          "sensitive_attributes": [],
          "private": "bnVsbA=="
        }
      ]
    }
  ],
  "check_results": null
}
